
Microsoft Visual Studio Solution File, Format Version 12.00
# Visual Studio Version 16
VisualStudioVersion = 16.0.31624.102
MinimumVisualStudioVersion = 10.0.40219.1
Project("{8BC9CEB8-8B4A-11D0-8D11-00A0C91BC942}") = "hypercube", "hypercube\hypercube.vcxproj", "{8662F3E1-6753-4DF2-BD87-BD0E8014CAB8}"
EndProject
Global
	GlobalSection(SolutionConfigurationPlatforms) = preSolution
		Debug|x64 = Debug|x64
		Debug|x86 = Debug|x86
		Release|x64 = Release|x64
		Release|x86 = Release|x86
	EndGlobalSection
	GlobalSection(ProjectConfigurationPlatforms) = postSolution
		{8662F3E1-6753-4DF2-BD87-BD0E8014CAB8}.Debug|x64.ActiveCfg = Debug|x64
		{8662F3E1-6753-4DF2-BD87-BD0E8014CAB8}.Debug|x64.Build.0 = Debug|x64
		{8662F3E1-6753-4DF2-BD87-BD0E8014CAB8}.Debug|x86.ActiveCfg = Debug|Win32
		{8662F3E1-6753-4DF2-BD87-BD0E8014CAB8}.Debug|x86.Build.0 = Debug|Win32
		{8662F3E1-6753-4DF2-BD87-BD0E8014CAB8}.Release|x64.ActiveCfg = Release|x64
		{8662F3E1-6753-4DF2-BD87-BD0E8014CAB8}.Release|x64.Build.0 = Release|x64
		{8662F3E1-6753-4DF2-BD87-BD0E8014CAB8}.Release|x86.ActiveCfg = Release|Win32
		{8662F3E1-6753-4DF2-BD87-BD0E8014CAB8}.Release|x86.Build.0 = Release|Win32
	EndGlobalSection
	GlobalSection(SolutionProperties) = preSolution
		HideSolutionNode = FALSE
	EndGlobalSection
	GlobalSection(ExtensibilityGlobals) = postSolution
		SolutionGuid = {222B22BB-1C12-43CA-A5BE-AC6F33926449}
	EndGlobalSection
EndGlobal
